<?xml version="1.0" encoding="utf-8"?>
<Project ToolsVersion="4.0" xmlns="http://schemas.microsoft.com/developer/msbuild/2003">
  <ItemGroup>
    <Filter Include="include">
      <UniqueIdentifier>{644be028-e35c-4205-9bf0-061b8b65e7e2}</UniqueIdentifier>
    </Filter>
  </ItemGroup>
  <ItemGroup>
    <ClCompile Include="reflectpp.cpp" />
  </ItemGroup>
  <ItemGroup>
    <ClInclude Include="..\..\..\include\crc.h">
      <Filter>include</Filter>
    </ClInclude>
    <ClInclude Include="..\..\..\include\reflect.h">
      <Filter>include</Filter>
    </ClInclude>
    <ClInclude Include="..\..\..\include\stdinclude.h">
      <Filter>include</Filter>
    </ClInclude>
  </ItemGroup>
</Project>